// !$*UTF8*$!
{
	archiveVersion = 1;
	classes = {
	};
	objectVersion = 55;
	objects = {

/* Begin PBXBuildFile section */
		85CFBADF28196FD80059E9A3 /* CombinedCoronaCenterApp.swift in Sources */ = {isa = PBXBuildFile; fileRef = 85CFBADE28196FD80059E9A3 /* CombinedCoronaCenterApp.swift */; };
		85CFBAE128196FD80059E9A3 /* ContentView.swift in Sources */ = {isa = PBXBuildFile; fileRef = 85CFBAE028196FD80059E9A3 /* ContentView.swift */; };
		85CFBAE328196FDB0059E9A3 /* Assets.xcassets in Resources */ = {isa = PBXBuildFile; fileRef = 85CFBAE228196FDB0059E9A3 /* Assets.xcassets */; };
		85CFBAE628196FDB0059E9A3 /* Preview Assets.xcassets in Resources */ = {isa = PBXBuildFile; fileRef = 85CFBAE528196FDB0059E9A3 /* Preview Assets.xcassets */; };
		85CFBAF0281970400059E9A3 /* CoronaCenterModel.swift in Sources */ = {isa = PBXBuildFile; fileRef = 85CFBAEF281970400059E9A3 /* CoronaCenterModel.swift */; };
		85CFBAF4281970D20059E9A3 /* Response.swift in Sources */ = {isa = PBXBuildFile; fileRef = 85CFBAF3281970D20059E9A3 /* Response.swift */; };
		85CFBAF6281971330059E9A3 /* CoronaCenterFetcher.swift in Sources */ = {isa = PBXBuildFile; fileRef = 85CFBAF5281971330059E9A3 /* CoronaCenterFetcher.swift */; };
		85CFBAF8281972000059E9A3 /* CoronaError.swift in Sources */ = {isa = PBXBuildFile; fileRef = 85CFBAF7281972000059E9A3 /* CoronaError.swift */; };
		85CFBAFB2819741B0059E9A3 /* Constant.swift in Sources */ = {isa = PBXBuildFile; fileRef = 85CFBAFA2819741B0059E9A3 /* Constant.swift */; };
		85CFBAFD281977720059E9A3 /* Decode.swift in Sources */ = {isa = PBXBuildFile; fileRef = 85CFBAFC281977720059E9A3 /* Decode.swift */; };
		85CFBAFF281979240059E9A3 /* CoronaCenterViewModel.swift in Sources */ = {isa = PBXBuildFile; fileRef = 85CFBAFE281979240059E9A3 /* CoronaCenterViewModel.swift */; };
		85CFBB0128197F090059E9A3 /* CoronaCenterItemView.swift in Sources */ = {isa = PBXBuildFile; fileRef = 85CFBB0028197F090059E9A3 /* CoronaCenterItemView.swift */; };
/* End PBXBuildFile section */

/* Begin PBXFileReference section */
		85CFBADB28196FD80059E9A3 /* CombinedCoronaCenter.app */ = {isa = PBXFileReference; explicitFileType = wrapper.application; includeInIndex = 0; path = CombinedCoronaCenter.app; sourceTree = BUILT_PRODUCTS_DIR; };
		85CFBADE28196FD80059E9A3 /* CombinedCoronaCenterApp.swift */ = {isa = PBXFileReference; lastKnownFileType = sourcecode.swift; path = CombinedCoronaCenterApp.swift; sourceTree = "<group>"; };
		85CFBAE028196FD80059E9A3 /* ContentView.swift */ = {isa = PBXFileReference; lastKnownFileType = sourcecode.swift; path = ContentView.swift; sourceTree = "<group>"; };
		85CFBAE228196FDB0059E9A3 /* Assets.xcassets */ = {isa = PBXFileReference; lastKnownFileType = folder.assetcatalog; path = Assets.xcassets; sourceTree = "<group>"; };
		85CFBAE528196FDB0059E9A3 /* Preview Assets.xcassets */ = {isa = PBXFileReference; lastKnownFileType = folder.assetcatalog; path = "Preview Assets.xcassets"; sourceTree = "<group>"; };
		85CFBAEF281970400059E9A3 /* CoronaCenterModel.swift */ = {isa = PBXFileReference; lastKnownFileType = sourcecode.swift; path = CoronaCenterModel.swift; sourceTree = "<group>"; };
		85CFBAF3281970D20059E9A3 /* Response.swift */ = {isa = PBXFileReference; lastKnownFileType = sourcecode.swift; path = Response.swift; sourceTree = "<group>"; };
		85CFBAF5281971330059E9A3 /* CoronaCenterFetcher.swift */ = {isa = PBXFileReference; lastKnownFileType = sourcecode.swift; path = CoronaCenterFetcher.swift; sourceTree = "<group>"; };
		85CFBAF7281972000059E9A3 /* CoronaError.swift */ = {isa = PBXFileReference; lastKnownFileType = sourcecode.swift; path = CoronaError.swift; sourceTree = "<group>"; };
		85CFBAFA2819741B0059E9A3 /* Constant.swift */ = {isa = PBXFileReference; lastKnownFileType = sourcecode.swift; path = Constant.swift; sourceTree = "<group>"; };
		85CFBAFC281977720059E9A3 /* Decode.swift */ = {isa = PBXFileReference; lastKnownFileType = sourcecode.swift; path = Decode.swift; sourceTree = "<group>"; };
		85CFBAFE281979240059E9A3 /* CoronaCenterViewModel.swift */ = {isa = PBXFileReference; lastKnownFileType = sourcecode.swift; path = CoronaCenterViewModel.swift; sourceTree = "<group>"; };
		85CFBB0028197F090059E9A3 /* CoronaCenterItemView.swift */ = {isa = PBXFileReference; lastKnownFileType = sourcecode.swift; path = CoronaCenterItemView.swift; sourceTree = "<group>"; };
/* End PBXFileReference section */

/* Begin PBXFrameworksBuildPhase section */
		85CFBAD828196FD80059E9A3 /* Frameworks */ = {
			isa = PBXFrameworksBuildPhase;
			buildActionMask = 2147483647;
			files = (
			);
			runOnlyForDeploymentPostprocessing = 0;
		};
/* End PBXFrameworksBuildPhase section */

/* Begin PBXGroup section */
		85CFBAD228196FD80059E9A3 = {
			isa = PBXGroup;
			children = (
				85CFBADD28196FD80059E9A3 /* CombinedCoronaCenter */,
				85CFBADC28196FD80059E9A3 /* Products */,
			);
			sourceTree = "<group>";
		};
		85CFBADC28196FD80059E9A3 /* Products */ = {
			isa = PBXGroup;
			children = (
				85CFBADB28196FD80059E9A3 /* CombinedCoronaCenter.app */,
			);
			name = Products;
			sourceTree = "<group>";
		};
		85CFBADD28196FD80059E9A3 /* CombinedCoronaCenter */ = {
			isa = PBXGroup;
			children = (
				85CFBAEC28196FE50059E9A3 /* App */,
				85CFBAEE2819702D0059E9A3 /* Model */,
				85CFBAED28196FEA0059E9A3 /* View */,
				85CFBAF1281970BC0059E9A3 /* ViewModel */,
				85CFBAF2281970C40059E9A3 /* API */,
				85CFBAF9281974110059E9A3 /* Utility */,
				85CFBAE228196FDB0059E9A3 /* Assets.xcassets */,
				85CFBAE428196FDB0059E9A3 /* Preview Content */,
			);
			path = CombinedCoronaCenter;
			sourceTree = "<group>";
		};
		85CFBAE428196FDB0059E9A3 /* Preview Content */ = {
			isa = PBXGroup;
			children = (
				85CFBAE528196FDB0059E9A3 /* Preview Assets.xcassets */,
			);
			path = "Preview Content";
			sourceTree = "<group>";
		};
		85CFBAEC28196FE50059E9A3 /* App */ = {
			isa = PBXGroup;
			children = (
				85CFBADE28196FD80059E9A3 /* CombinedCoronaCenterApp.swift */,
			);
			path = App;
			sourceTree = "<group>";
		};
		85CFBAED28196FEA0059E9A3 /* View */ = {
			isa = PBXGroup;
			children = (
				85CFBAE028196FD80059E9A3 /* ContentView.swift */,
				85CFBB0028197F090059E9A3 /* CoronaCenterItemView.swift */,
			);
			path = View;
			sourceTree = "<group>";
		};
		85CFBAEE2819702D0059E9A3 /* Model */ = {
			isa = PBXGroup;
			children = (
				85CFBAEF281970400059E9A3 /* CoronaCenterModel.swift */,
			);
			path = Model;
			sourceTree = "<group>";
		};
		85CFBAF1281970BC0059E9A3 /* ViewModel */ = {
			isa = PBXGroup;
			children = (
				85CFBAFE281979240059E9A3 /* CoronaCenterViewModel.swift */,
			);
			path = ViewModel;
			sourceTree = "<group>";
		};
		85CFBAF2281970C40059E9A3 /* API */ = {
			isa = PBXGroup;
			children = (
				85CFBAF3281970D20059E9A3 /* Response.swift */,
				85CFBAF5281971330059E9A3 /* CoronaCenterFetcher.swift */,
				85CFBAF7281972000059E9A3 /* CoronaError.swift */,
			);
			path = API;
			sourceTree = "<group>";
		};
		85CFBAF9281974110059E9A3 /* Utility */ = {
			isa = PBXGroup;
			children = (
				85CFBAFA2819741B0059E9A3 /* Constant.swift */,
				85CFBAFC281977720059E9A3 /* Decode.swift */,
			);
			path = Utility;
			sourceTree = "<group>";
		};
/* End PBXGroup section */

/* Begin PBXNativeTarget section */
		85CFBADA28196FD80059E9A3 /* CombinedCoronaCenter */ = {
			isa = PBXNativeTarget;
			buildConfigurationList = 85CFBAE928196FDB0059E9A3 /* Build configuration list for PBXNativeTarget "CombinedCoronaCenter" */;
			buildPhases = (
				85CFBAD728196FD80059E9A3 /* Sources */,
				85CFBAD828196FD80059E9A3 /* Frameworks */,
				85CFBAD928196FD80059E9A3 /* Resources */,
			);
			buildRules = (
			);
			dependencies = (
			);
			name = CombinedCoronaCenter;
			productName = CombinedCoronaCenter;
			productReference = 85CFBADB28196FD80059E9A3 /* CombinedCoronaCenter.app */;
			productType = "com.apple.product-type.application";
		};
/* End PBXNativeTarget section */

/* Begin PBXProject section */
		85CFBAD328196FD80059E9A3 /* Project object */ = {
			isa = PBXProject;
			attributes = {
				BuildIndependentTargetsInParallel = 1;
				LastSwiftUpdateCheck = 1330;
				LastUpgradeCheck = 1330;
				TargetAttributes = {
					85CFBADA28196FD80059E9A3 = {
						CreatedOnToolsVersion = 13.3.1;
					};
				};
			};
			buildConfigurationList = 85CFBAD628196FD80059E9A3 /* Build configuration list for PBXProject "CombinedCoronaCenter" */;
			compatibilityVersion = "Xcode 13.0";
			developmentRegion = en;
			hasScannedForEncodings = 0;
			knownRegions = (
				en,
				Base,
			);
			mainGroup = 85CFBAD228196FD80059E9A3;
			productRefGroup = 85CFBADC28196FD80059E9A3 /* Products */;
			projectDirPath = "";
			projectRoot = "";
			targets = (
				85CFBADA28196FD80059E9A3 /* CombinedCoronaCenter */,
			);
		};
/* End PBXProject section */

/* Begin PBXResourcesBuildPhase section */
		85CFBAD928196FD80059E9A3 /* Resources */ = {
			isa = PBXResourcesBuildPhase;
			buildActionMask = 2147483647;
			files = (
				85CFBAE628196FDB0059E9A3 /* Preview Assets.xcassets in Resources */,
				85CFBAE328196FDB0059E9A3 /* Assets.xcassets in Resources */,
			);
			runOnlyForDeploymentPostprocessing = 0;
		};
/* End PBXResourcesBuildPhase section */

/* Begin PBXSourcesBuildPhase section */
		85CFBAD728196FD80059E9A3 /* Sources */ = {
			isa = PBXSourcesBuildPhase;
			buildActionMask = 2147483647;
			files = (
				85CFBAFB2819741B0059E9A3 /* Constant.swift in Sources */,
				85CFBAF8281972000059E9A3 /* CoronaError.swift in Sources */,
				85CFBAF4281970D20059E9A3 /* Response.swift in Sources */,
				85CFBAFD281977720059E9A3 /* Decode.swift in Sources */,
				85CFBAFF281979240059E9A3 /* CoronaCenterViewModel.swift in Sources */,
				85CFBAE128196FD80059E9A3 /* ContentView.swift in Sources */,
				85CFBB0128197F090059E9A3 /* CoronaCenterItemView.swift in Sources */,
				85CFBAF0281970400059E9A3 /* CoronaCenterModel.swift in Sources */,
				85CFBADF28196FD80059E9A3 /* CombinedCoronaCenterApp.swift in Sources */,
				85CFBAF6281971330059E9A3 /* CoronaCenterFetcher.swift in Sources */,
			);
			runOnlyForDeploymentPostprocessing = 0;
		};
/* End PBXSourcesBuildPhase section */

/* Begin XCBuildConfiguration section */
		85CFBAE728196FDB0059E9A3 /* Debug */ = {
			isa = XCBuildConfiguration;
			buildSettings = {
				ALWAYS_SEARCH_USER_PATHS = NO;
				CLANG_ANALYZER_NONNULL = YES;
				CLANG_ANALYZER_NUMBER_OBJECT_CONVERSION = YES_AGGRESSIVE;
				CLANG_CXX_LANGUAGE_STANDARD = "gnu++17";
				CLANG_ENABLE_MODULES = YES;
				CLANG_ENABLE_OBJC_ARC = YES;
				CLANG_ENABLE_OBJC_WEAK = YES;
				CLANG_WARN_BLOCK_CAPTURE_AUTORELEASING = YES;
				CLANG_WARN_BOOL_CONVERSION = YES;
				CLANG_WARN_COMMA = YES;
				CLANG_WARN_CONSTANT_CONVERSION = YES;
				CLANG_WARN_DEPRECATED_OBJC_IMPLEMENTATIONS = YES;
				CLANG_WARN_DIRECT_OBJC_ISA_USAGE = YES_ERROR;
				CLANG_WARN_DOCUMENTATION_COMMENTS = YES;
				CLANG_WARN_EMPTY_BODY = YES;
				CLANG_WARN_ENUM_CONVERSION = YES;
				CLANG_WARN_INFINITE_RECURSION = YES;
				CLANG_WARN_INT_CONVERSION = YES;
				CLANG_WARN_NON_LITERAL_NULL_CONVERSION = YES;
				CLANG_WARN_OBJC_IMPLICIT_RETAIN_SELF = YES;
				CLANG_WARN_OBJC_LITERAL_CONVERSION = YES;
				CLANG_WARN_OBJC_ROOT_CLASS = YES_ERROR;
				CLANG_WARN_QUOTED_INCLUDE_IN_FRAMEWORK_HEADER = YES;
				CLANG_WARN_RANGE_LOOP_ANALYSIS = YES;
				CLANG_WARN_STRICT_PROTOTYPES = YES;
				CLANG_WARN_SUSPICIOUS_MOVE = YES;
				CLANG_WARN_UNGUARDED_AVAILABILITY = YES_AGGRESSIVE;
				CLANG_WARN_UNREACHABLE_CODE = YES;
				CLANG_WARN__DUPLICATE_METHOD_MATCH = YES;
				COPY_PHASE_STRIP = NO;
				DEBUG_INFORMATION_FORMAT = dwarf;
				ENABLE_STRICT_OBJC_MSGSEND = YES;
				ENABLE_TESTABILITY = YES;
				GCC_C_LANGUAGE_STANDARD = gnu11;
				GCC_DYNAMIC_NO_PIC = NO;
				GCC_NO_COMMON_BLOCKS = YES;
				GCC_OPTIMIZATION_LEVEL = 0;
				GCC_PREPROCESSOR_DEFINITIONS = (
					"DEBUG=1",
					"$(inherited)",
				);
				GCC_WARN_64_TO_32_BIT_CONVERSION = YES;
				GCC_WARN_ABOUT_RETURN_TYPE = YES_ERROR;
				GCC_WARN_UNDECLARED_SELECTOR = YES;
				GCC_WARN_UNINITIALIZED_AUTOS = YES_AGGRESSIVE;
				GCC_WARN_UNUSED_FUNCTION = YES;
				GCC_WARN_UNUSED_VARIABLE = YES;
				IPHONEOS_DEPLOYMENT_TARGET = 15.4;
				MTL_ENABLE_DEBUG_INFO = INCLUDE_SOURCE;
				MTL_FAST_MATH = YES;
				ONLY_ACTIVE_ARCH = YES;
				SDKROOT = iphoneos;
				SWIFT_ACTIVE_COMPILATION_CONDITIONS = DEBUG;
				SWIFT_OPTIMIZATION_LEVEL = "-Onone";
			};
			name = Debug;
		};
		85CFBAE828196FDB0059E9A3 /* Release */ = {
			isa = XCBuildConfiguration;
			buildSettings = {
				ALWAYS_SEARCH_USER_PATHS = NO;
				CLANG_ANALYZER_NONNULL = YES;
				CLANG_ANALYZER_NUMBER_OBJECT_CONVERSION = YES_AGGRESSIVE;
				CLANG_CXX_LANGUAGE_STANDARD = "gnu++17";
				CLANG_ENABLE_MODULES = YES;
				CLANG_ENABLE_OBJC_ARC = YES;
				CLANG_ENABLE_OBJC_WEAK = YES;
				CLANG_WARN_BLOCK_CAPTURE_AUTORELEASING = YES;
				CLANG_WARN_BOOL_CONVERSION = YES;
				CLANG_WARN_COMMA = YES;
				CLANG_WARN_CONSTANT_CONVERSION = YES;
				CLANG_WARN_DEPRECATED_OBJC_IMPLEMENTATIONS = YES;
				CLANG_WARN_DIRECT_OBJC_ISA_USAGE = YES_ERROR;
				CLANG_WARN_DOCUMENTATION_COMMENTS = YES;
				CLANG_WARN_EMPTY_BODY = YES;
				CLANG_WARN_ENUM_CONVERSION = YES;
				CLANG_WARN_INFINITE_RECURSION = YES;
				CLANG_WARN_INT_CONVERSION = YES;
				CLANG_WARN_NON_LITERAL_NULL_CONVERSION = YES;
				CLANG_WARN_OBJC_IMPLICIT_RETAIN_SELF = YES;
				CLANG_WARN_OBJC_LITERAL_CONVERSION = YES;
				CLANG_WARN_OBJC_ROOT_CLASS = YES_ERROR;
				CLANG_WARN_QUOTED_INCLUDE_IN_FRAMEWORK_HEADER = YES;
				CLANG_WARN_RANGE_LOOP_ANALYSIS = YES;
				CLANG_WARN_STRICT_PROTOTYPES = YES;
				CLANG_WARN_SUSPICIOUS_MOVE = YES;
				CLANG_WARN_UNGUARDED_AVAILABILITY = YES_AGGRESSIVE;
				CLANG_WARN_UNREACHABLE_CODE = YES;
				CLANG_WARN__DUPLICATE_METHOD_MATCH = YES;
				COPY_PHASE_STRIP = NO;
				DEBUG_INFORMATION_FORMAT = "dwarf-with-dsym";
				ENABLE_NS_ASSERTIONS = NO;
				ENABLE_STRICT_OBJC_MSGSEND = YES;
				GCC_C_LANGUAGE_STANDARD = gnu11;
				GCC_NO_COMMON_BLOCKS = YES;
				GCC_WARN_64_TO_32_BIT_CONVERSION = YES;
				GCC_WARN_ABOUT_RETURN_TYPE = YES_ERROR;
				GCC_WARN_UNDECLARED_SELECTOR = YES;
				GCC_WARN_UNINITIALIZED_AUTOS = YES_AGGRESSIVE;
				GCC_WARN_UNUSED_FUNCTION = YES;
				GCC_WARN_UNUSED_VARIABLE = YES;
				IPHONEOS_DEPLOYMENT_TARGET = 15.4;
				MTL_ENABLE_DEBUG_INFO = NO;
				MTL_FAST_MATH = YES;
				SDKROOT = iphoneos;
				SWIFT_COMPILATION_MODE = wholemodule;
				SWIFT_OPTIMIZATION_LEVEL = "-O";
				VALIDATE_PRODUCT = YES;
			};
			name = Release;
		};
		85CFBAEA28196FDB0059E9A3 /* Debug */ = {
			isa = XCBuildConfiguration;
			buildSettings = {
				ASSETCATALOG_COMPILER_APPICON_NAME = AppIcon;
				ASSETCATALOG_COMPILER_GLOBAL_ACCENT_COLOR_NAME = AccentColor;
				CODE_SIGN_STYLE = Automatic;
				CURRENT_PROJECT_VERSION = 1;
				DEVELOPMENT_ASSET_PATHS = "\"CombinedCoronaCenter/Preview Content\"";
				ENABLE_PREVIEWS = YES;
				GENERATE_INFOPLIST_FILE = YES;
				INFOPLIST_KEY_UIApplicationSceneManifest_Generation = YES;
				INFOPLIST_KEY_UIApplicationSupportsIndirectInputEvents = YES;
				INFOPLIST_KEY_UILaunchScreen_Generation = YES;
				INFOPLIST_KEY_UISupportedInterfaceOrientations_iPad = "UIInterfaceOrientationPortrait UIInterfaceOrientationPortraitUpsideDown UIInterfaceOrientationLandscapeLeft UIInterfaceOrientationLandscapeRight";
				INFOPLIST_KEY_UISupportedInterfaceOrientations_iPhone = "UIInterfaceOrientationPortrait UIInterfaceOrientationLandscapeLeft UIInterfaceOrientationLandscapeRight";
				LD_RUNPATH_SEARCH_PATHS = (
					"$(inherited)",
					"@executable_path/Frameworks",
				);
				MARKETING_VERSION = 1.0;
				PRODUCT_BUNDLE_IDENTIFIER = com.example.CombinedCoronaCenter;
				PRODUCT_NAME = "$(TARGET_NAME)";
				SWIFT_EMIT_LOC_STRINGS = YES;
				SWIFT_VERSION = 5.0;
				TARGETED_DEVICE_FAMILY = "1,2";
			};
			name = Debug;
		};
		85CFBAEB28196FDB0059E9A3 /* Release */ = {
			isa = XCBuildConfiguration;
			buildSettings = {
				ASSETCATALOG_COMPILER_APPICON_NAME = AppIcon;
				ASSETCATALOG_COMPILER_GLOBAL_ACCENT_COLOR_NAME = AccentColor;
				CODE_SIGN_STYLE = Automatic;
				CURRENT_PROJECT_VERSION = 1;
				DEVELOPMENT_ASSET_PATHS = "\"CombinedCoronaCenter/Preview Content\"";
				ENABLE_PREVIEWS = YES;
				GENERATE_INFOPLIST_FILE = YES;
				INFOPLIST_KEY_UIApplicationSceneManifest_Generation = YES;
				INFOPLIST_KEY_UIApplicationSupportsIndirectInputEvents = YES;
				INFOPLIST_KEY_UILaunchScreen_Generation = YES;
				INFOPLIST_KEY_UISupportedInterfaceOrientations_iPad = "UIInterfaceOrientationPortrait UIInterfaceOrientationPortraitUpsideDown UIInterfaceOrientationLandscapeLeft UIInterfaceOrientationLandscapeRight";
				INFOPLIST_KEY_UISupportedInterfaceOrientations_iPhone = "UIInterfaceOrientationPortrait UIInterfaceOrientationLandscapeLeft UIInterfaceOrientationLandscapeRight";
				LD_RUNPATH_SEARCH_PATHS = (
					"$(inherited)",
					"@executable_path/Frameworks",
				);
				MARKETING_VERSION = 1.0;
				PRODUCT_BUNDLE_IDENTIFIER = com.example.CombinedCoronaCenter;
				PRODUCT_NAME = "$(TARGET_NAME)";
				SWIFT_EMIT_LOC_STRINGS = YES;
				SWIFT_VERSION = 5.0;
				TARGETED_DEVICE_FAMILY = "1,2";
			};
			name = Release;
		};
/* End XCBuildConfiguration section */

/* Begin XCConfigurationList section */
		85CFBAD628196FD80059E9A3 /* Build configuration list for PBXProject "CombinedCoronaCenter" */ = {
			isa = XCConfigurationList;
			buildConfigurations = (
				85CFBAE728196FDB0059E9A3 /* Debug */,
				85CFBAE828196FDB0059E9A3 /* Release */,
			);
			defaultConfigurationIsVisible = 0;
			defaultConfigurationName = Release;
		};
		85CFBAE928196FDB0059E9A3 /* Build configuration list for PBXNativeTarget "CombinedCoronaCenter" */ = {
			isa = XCConfigurationList;
			buildConfigurations = (
				85CFBAEA28196FDB0059E9A3 /* Debug */,
				85CFBAEB28196FDB0059E9A3 /* Release */,
			);
			defaultConfigurationIsVisible = 0;
			defaultConfigurationName = Release;
		};
/* End XCConfigurationList section */
	};
	rootObject = 85CFBAD328196FD80059E9A3 /* Project object */;
}
